# This file is automatically @generated by Cargo.
# It is not intended for manual editing.
version = 4

[[package]]
name = "memchr"
version = "2.8.3"
source = "registry+https://github.com/rust-lang/crates.io-index"
checksum = "cf8baf1c55e62ffcace7a9f06f4bd9cd3f0c4beb022d3b367256b91b87513d98"

[[package]]
name = "openbim-core"
version = "0.1.0"
source = "registry+https://github.com/rust-lang/crates.io-index"
checksum = "34c684331685f7678a2766f3990cca967b3053a6e75ea1523e3e8449ec07217c"

[[package]]
name = "openbim-ids"
version = "0.1.2"
dependencies = [
 "openbim-core",
 "roxmltree",
]

[[package]]
name = "roxmltree"
version = "0.21.1"
source = "registry+https://github.com/rust-lang/crates.io-index"
checksum = "f1964b10c76125c36f8afe190065a4bf9a87bf324842c05701330bba9f1cacbb"
dependencies = [
 "memchr",
]
